// !$*UTF8*$!
{
	archiveVersion = 1;
	classes = {
	};
	objectVersion = 77;
	objects = {

/* Begin PBXBuildFile section */
		859582072EAC112C0048F937 /* readme.md in Resources */ = {isa = PBXBuildFile; fileRef = 859582062EAC11280048F937 /* readme.md */; };
		85FC29442EABA824002417DB /* SnapKit in Frameworks */ = {isa = PBXBuildFile; productRef = 85FC29432EABA824002417DB /* SnapKit */; };
		85FC29472EABA870002417DB /* Kingfisher in Frameworks */ = {isa = PBXBuildFile; productRef = 85FC29462EABA870002417DB /* Kingfisher */; };
/* End PBXBuildFile section */

/* Begin PBXContainerItemProxy section */
		85FC28E92EAB8137002417DB /* PBXContainerItemProxy */ = {
			isa = PBXContainerItemProxy;
			containerPortal = 85FC28CA2EAB8135002417DB /* Project object */;
			proxyType = 1;
			remoteGlobalIDString = 85FC28D12EAB8135002417DB;
			remoteInfo = Lissandr;
		};
		85FC28F32EAB8137002417DB /* PBXContainerItemProxy */ = {
			isa = PBXContainerItemProxy;
			containerPortal = 85FC28CA2EAB8135002417DB /* Project object */;
			proxyType = 1;
			remoteGlobalIDString = 85FC28D12EAB8135002417DB;
			remoteInfo = Lissandr;
		};
/* End PBXContainerItemProxy section */

/* Begin PBXFileReference section */
		859582062EAC11280048F937 /* readme.md */ = {isa = PBXFileReference; lastKnownFileType = net.daringfireball.markdown; path = readme.md; sourceTree = "<group>"; };
		85FC28D22EAB8135002417DB /* Lissandr.app */ = {isa = PBXFileReference; explicitFileType = wrapper.application; includeInIndex = 0; path = Lissandr.app; sourceTree = BUILT_PRODUCTS_DIR; };
		85FC28E82EAB8137002417DB /* LissandrTests.xctest */ = {isa = PBXFileReference; explicitFileType = wrapper.cfbundle; includeInIndex = 0; path = LissandrTests.xctest; sourceTree = BUILT_PRODUCTS_DIR; };
		85FC28F22EAB8137002417DB /* LissandrUITests.xctest */ = {isa = PBXFileReference; explicitFileType = wrapper.cfbundle; includeInIndex = 0; path = LissandrUITests.xctest; sourceTree = BUILT_PRODUCTS_DIR; };
/* End PBXFileReference section */

/* Begin PBXFileSystemSynchronizedBuildFileExceptionSet section */
		85FC28FA2EAB8137002417DB /* Exceptions for "Lissandr" folder in "Lissandr" target */ = {
			isa = PBXFileSystemSynchronizedBuildFileExceptionSet;
			membershipExceptions = (
				App/Info.plist,
			);
			target = 85FC28D12EAB8135002417DB /* Lissandr */;
		};
/* End PBXFileSystemSynchronizedBuildFileExceptionSet section */

/* Begin PBXFileSystemSynchronizedRootGroup section */
		85FC28D42EAB8135002417DB /* Lissandr */ = {
			isa = PBXFileSystemSynchronizedRootGroup;
			exceptions = (
				85FC28FA2EAB8137002417DB /* Exceptions for "Lissandr" folder in "Lissandr" target */,
			);
			path = Lissandr;
			sourceTree = "<group>";
		};
		85FC28EB2EAB8137002417DB /* LissandrTests */ = {
			isa = PBXFileSystemSynchronizedRootGroup;
			path = LissandrTests;
			sourceTree = "<group>";
		};
		85FC28F52EAB8137002417DB /* LissandrUITests */ = {
			isa = PBXFileSystemSynchronizedRootGroup;
			path = LissandrUITests;
			sourceTree = "<group>";
		};
/* End PBXFileSystemSynchronizedRootGroup section */

/* Begin PBXFrameworksBuildPhase section */
		85FC28CF2EAB8135002417DB /* Frameworks */ = {
			isa = PBXFrameworksBuildPhase;
			buildActionMask = 2147483647;
			files = (
				85FC29472EABA870002417DB /* Kingfisher in Frameworks */,
				85FC29442EABA824002417DB /* SnapKit in Frameworks */,
			);
			runOnlyForDeploymentPostprocessing = 0;
		};
		85FC28E52EAB8137002417DB /* Frameworks */ = {
			isa = PBXFrameworksBuildPhase;
			buildActionMask = 2147483647;
			files = (
			);
			runOnlyForDeploymentPostprocessing = 0;
		};
		85FC28EF2EAB8137002417DB /* Frameworks */ = {
			isa = PBXFrameworksBuildPhase;
			buildActionMask = 2147483647;
			files = (
			);
			runOnlyForDeploymentPostprocessing = 0;
		};
/* End PBXFrameworksBuildPhase section */

/* Begin PBXGroup section */
		85FC28C92EAB8135002417DB = {
			isa = PBXGroup;
			children = (
				859582062EAC11280048F937 /* readme.md */,
				85FC28D42EAB8135002417DB /* Lissandr */,
				85FC28EB2EAB8137002417DB /* LissandrTests */,
				85FC28F52EAB8137002417DB /* LissandrUITests */,
				85FC28D32EAB8135002417DB /* Products */,
			);
			sourceTree = "<group>";
		};
		85FC28D32EAB8135002417DB /* Products */ = {
			isa = PBXGroup;
			children = (
				85FC28D22EAB8135002417DB /* Lissandr.app */,
				85FC28E82EAB8137002417DB /* LissandrTests.xctest */,
				85FC28F22EAB8137002417DB /* LissandrUITests.xctest */,
			);
			name = Products;
			sourceTree = "<group>";
		};
/* End PBXGroup section */

/* Begin PBXNativeTarget section */
		85FC28D12EAB8135002417DB /* Lissandr */ = {
			isa = PBXNativeTarget;
			buildConfigurationList = 85FC28FB2EAB8137002417DB /* Build configuration list for PBXNativeTarget "Lissandr" */;
			buildPhases = (
				85FC28CE2EAB8135002417DB /* Sources */,
				85FC28CF2EAB8135002417DB /* Frameworks */,
				85FC28D02EAB8135002417DB /* Resources */,
			);
			buildRules = (
			);
			dependencies = (
			);
			fileSystemSynchronizedGroups = (
				85FC28D42EAB8135002417DB /* Lissandr */,
			);
			name = Lissandr;
			packageProductDependencies = (
				85FC29432EABA824002417DB /* SnapKit */,
				85FC29462EABA870002417DB /* Kingfisher */,
			);
			productName = Lissandr;
			productReference = 85FC28D22EAB8135002417DB /* Lissandr.app */;
			productType = "com.apple.product-type.application";
		};
		85FC28E72EAB8137002417DB /* LissandrTests */ = {
			isa = PBXNativeTarget;
			buildConfigurationList = 85FC29002EAB8137002417DB /* Build configuration list for PBXNativeTarget "LissandrTests" */;
			buildPhases = (
				85FC28E42EAB8137002417DB /* Sources */,
				85FC28E52EAB8137002417DB /* Frameworks */,
				85FC28E62EAB8137002417DB /* Resources */,
			);
			buildRules = (
			);
			dependencies = (
				85FC28EA2EAB8137002417DB /* PBXTargetDependency */,
			);
			fileSystemSynchronizedGroups = (
				85FC28EB2EAB8137002417DB /* LissandrTests */,
			);
			name = LissandrTests;
			packageProductDependencies = (
			);
			productName = LissandrTests;
			productReference = 85FC28E82EAB8137002417DB /* LissandrTests.xctest */;
			productType = "com.apple.product-type.bundle.unit-test";
		};
		85FC28F12EAB8137002417DB /* LissandrUITests */ = {
			isa = PBXNativeTarget;
			buildConfigurationList = 85FC29032EAB8137002417DB /* Build configuration list for PBXNativeTarget "LissandrUITests" */;
			buildPhases = (
				85FC28EE2EAB8137002417DB /* Sources */,
				85FC28EF2EAB8137002417DB /* Frameworks */,
				85FC28F02EAB8137002417DB /* Resources */,
			);
			buildRules = (
			);
			dependencies = (
				85FC28F42EAB8137002417DB /* PBXTargetDependency */,
			);
			fileSystemSynchronizedGroups = (
				85FC28F52EAB8137002417DB /* LissandrUITests */,
			);
			name = LissandrUITests;
			packageProductDependencies = (
			);
			productName = LissandrUITests;
			productReference = 85FC28F22EAB8137002417DB /* LissandrUITests.xctest */;
			productType = "com.apple.product-type.bundle.ui-testing";
		};
/* End PBXNativeTarget section */

/* Begin PBXProject section */
		85FC28CA2EAB8135002417DB /* Project object */ = {
			isa = PBXProject;
			attributes = {
				BuildIndependentTargetsInParallel = 1;
				LastSwiftUpdateCheck = 2600;
				LastUpgradeCheck = 2610;
				TargetAttributes = {
					85FC28D12EAB8135002417DB = {
						CreatedOnToolsVersion = 26.0.1;
					};
					85FC28E72EAB8137002417DB = {
						CreatedOnToolsVersion = 26.0.1;
						TestTargetID = 85FC28D12EAB8135002417DB;
					};
					85FC28F12EAB8137002417DB = {
						CreatedOnToolsVersion = 26.0.1;
						TestTargetID = 85FC28D12EAB8135002417DB;
					};
				};
			};
			buildConfigurationList = 85FC28CD2EAB8135002417DB /* Build configuration list for PBXProject "Lissandr" */;
			developmentRegion = en;
			hasScannedForEncodings = 0;
			knownRegions = (
				en,
				Base,
				tr,
			);
			mainGroup = 85FC28C92EAB8135002417DB;
			minimizedProjectReferenceProxies = 1;
			packageReferences = (
				85FC29422EABA824002417DB /* XCRemoteSwiftPackageReference "SnapKit" */,
				85FC29452EABA870002417DB /* XCRemoteSwiftPackageReference "Kingfisher" */,
			);
			preferredProjectObjectVersion = 77;
			productRefGroup = 85FC28D32EAB8135002417DB /* Products */;
			projectDirPath = "";
			projectRoot = "";
			targets = (
				85FC28D12EAB8135002417DB /* Lissandr */,
				85FC28E72EAB8137002417DB /* LissandrTests */,
				85FC28F12EAB8137002417DB /* LissandrUITests */,
			);
		};
/* End PBXProject section */

/* Begin PBXResourcesBuildPhase section */
		85FC28D02EAB8135002417DB /* Resources */ = {
			isa = PBXResourcesBuildPhase;
			buildActionMask = 2147483647;
			files = (
				859582072EAC112C0048F937 /* readme.md in Resources */,
			);
			runOnlyForDeploymentPostprocessing = 0;
		};
		85FC28E62EAB8137002417DB /* Resources */ = {
			isa = PBXResourcesBuildPhase;
			buildActionMask = 2147483647;
			files = (
			);
			runOnlyForDeploymentPostprocessing = 0;
		};
		85FC28F02EAB8137002417DB /* Resources */ = {
			isa = PBXResourcesBuildPhase;
			buildActionMask = 2147483647;
			files = (
			);
			runOnlyForDeploymentPostprocessing = 0;
		};
/* End PBXResourcesBuildPhase section */

/* Begin PBXSourcesBuildPhase section */
		85FC28CE2EAB8135002417DB /* Sources */ = {
			isa = PBXSourcesBuildPhase;
			buildActionMask = 2147483647;
			files = (
			);
			runOnlyForDeploymentPostprocessing = 0;
		};
		85FC28E42EAB8137002417DB /* Sources */ = {
			isa = PBXSourcesBuildPhase;
			buildActionMask = 2147483647;
			files = (
			);
			runOnlyForDeploymentPostprocessing = 0;
		};
		85FC28EE2EAB8137002417DB /* Sources */ = {
			isa = PBXSourcesBuildPhase;
			buildActionMask = 2147483647;
			files = (
			);
			runOnlyForDeploymentPostprocessing = 0;
		};
/* End PBXSourcesBuildPhase section */

/* Begin PBXTargetDependency section */
		85FC28EA2EAB8137002417DB /* PBXTargetDependency */ = {
			isa = PBXTargetDependency;
			target = 85FC28D12EAB8135002417DB /* Lissandr */;
			targetProxy = 85FC28E92EAB8137002417DB /* PBXContainerItemProxy */;
		};
		85FC28F42EAB8137002417DB /* PBXTargetDependency */ = {
			isa = PBXTargetDependency;
			target = 85FC28D12EAB8135002417DB /* Lissandr */;
			targetProxy = 85FC28F32EAB8137002417DB /* PBXContainerItemProxy */;
		};
/* End PBXTargetDependency section */

/* Begin XCBuildConfiguration section */
		85FC28FC2EAB8137002417DB /* Debug */ = {
			isa = XCBuildConfiguration;
			buildSettings = {
				ASSETCATALOG_COMPILER_APPICON_NAME = AppIcon;
				ASSETCATALOG_COMPILER_GLOBAL_ACCENT_COLOR_NAME = AccentColor;
				CODE_SIGN_STYLE = Automatic;
				CURRENT_PROJECT_VERSION = 1;
				DEVELOPMENT_TEAM = 6YANNN5W87;
				GENERATE_INFOPLIST_FILE = YES;
				INFOPLIST_FILE = Lissandr/App/Info.plist;
				INFOPLIST_KEY_LSApplicationCategoryType = "public.app-category.entertainment";
				INFOPLIST_KEY_UIApplicationSupportsIndirectInputEvents = YES;
				INFOPLIST_KEY_UILaunchStoryboardName = LaunchScreen;
				INFOPLIST_KEY_UISupportedInterfaceOrientations = UIInterfaceOrientationPortrait;
				INFOPLIST_KEY_UISupportedInterfaceOrientations_iPad = "UIInterfaceOrientationLandscapeLeft UIInterfaceOrientationLandscapeRight UIInterfaceOrientationPortrait UIInterfaceOrientationPortraitUpsideDown";
				IPHONEOS_DEPLOYMENT_TARGET = 26.0;
				LD_RUNPATH_SEARCH_PATHS = (
					"$(inherited)",
					"@executable_path/Frameworks",
				);
				MARKETING_VERSION = 1.2;
				PRODUCT_BUNDLE_IDENTIFIER = com.uk.Lissandr;
				PRODUCT_NAME = "$(TARGET_NAME)";
				STRING_CATALOG_GENERATE_SYMBOLS = YES;
				SUPPORTED_PLATFORMS = "iphoneos iphonesimulator";
				SUPPORTS_MACCATALYST = NO;
				SUPPORTS_MAC_DESIGNED_FOR_IPHONE_IPAD = NO;
				SUPPORTS_XR_DESIGNED_FOR_IPHONE_IPAD = NO;
				SWIFT_APPROACHABLE_CONCURRENCY = YES;
				SWIFT_DEFAULT_ACTOR_ISOLATION = MainActor;
				SWIFT_EMIT_LOC_STRINGS = YES;
				SWIFT_UPCOMING_FEATURE_MEMBER_IMPORT_VISIBILITY = YES;
				SWIFT_VERSION = 5.0;
				TARGETED_DEVICE_FAMILY = 1;
			};
			name = Debug;
		};
		85FC28FD2EAB8137002417DB /* Release */ = {
			isa = XCBuildConfiguration;
			buildSettings = {
				ASSETCATALOG_COMPILER_APPICON_NAME = AppIcon;
				ASSETCATALOG_COMPILER_GLOBAL_ACCENT_COLOR_NAME = AccentColor;
				CODE_SIGN_STYLE = Automatic;
				CURRENT_PROJECT_VERSION = 1;
				DEVELOPMENT_TEAM = 6YANNN5W87;
				GENERATE_INFOPLIST_FILE = YES;
				INFOPLIST_FILE = Lissandr/App/Info.plist;
				INFOPLIST_KEY_LSApplicationCategoryType = "public.app-category.entertainment";
				INFOPLIST_KEY_UIApplicationSupportsIndirectInputEvents = YES;
				INFOPLIST_KEY_UILaunchStoryboardName = LaunchScreen;
				INFOPLIST_KEY_UISupportedInterfaceOrientations = UIInterfaceOrientationPortrait;
				INFOPLIST_KEY_UISupportedInterfaceOrientations_iPad = "UIInterfaceOrientationLandscapeLeft UIInterfaceOrientationLandscapeRight UIInterfaceOrientationPortrait UIInterfaceOrientationPortraitUpsideDown";
				IPHONEOS_DEPLOYMENT_TARGET = 26.0;
				LD_RUNPATH_SEARCH_PATHS = (
					"$(inherited)",
					"@executable_path/Frameworks",
				);
				MARKETING_VERSION = 1.2;
				PRODUCT_BUNDLE_IDENTIFIER = com.uk.Lissandr;
				PRODUCT_NAME = "$(TARGET_NAME)";
				STRING_CATALOG_GENERATE_SYMBOLS = YES;
				SUPPORTED_PLATFORMS = "iphoneos iphonesimulator";
				SUPPORTS_MACCATALYST = NO;
				SUPPORTS_MAC_DESIGNED_FOR_IPHONE_IPAD = NO;
				SUPPORTS_XR_DESIGNED_FOR_IPHONE_IPAD = NO;
				SWIFT_APPROACHABLE_CONCURRENCY = YES;
				SWIFT_DEFAULT_ACTOR_ISOLATION = MainActor;
				SWIFT_EMIT_LOC_STRINGS = YES;
				SWIFT_UPCOMING_FEATURE_MEMBER_IMPORT_VISIBILITY = YES;
				SWIFT_VERSION = 5.0;
				TARGETED_DEVICE_FAMILY = 1;
			};
			name = Release;
		};
		85FC28FE2EAB8137002417DB /* Debug */ = {
			isa = XCBuildConfiguration;
			buildSettings = {
				ALWAYS_SEARCH_USER_PATHS = NO;
				ASSETCATALOG_COMPILER_GENERATE_SWIFT_ASSET_SYMBOL_EXTENSIONS = YES;
				CLANG_ANALYZER_LOCALIZABILITY_NONLOCALIZED = YES;
				CLANG_ANALYZER_NONNULL = YES;
				CLANG_ANALYZER_NUMBER_OBJECT_CONVERSION = YES_AGGRESSIVE;
				CLANG_CXX_LANGUAGE_STANDARD = "gnu++20";
				CLANG_ENABLE_MODULES = YES;
				CLANG_ENABLE_OBJC_ARC = YES;
				CLANG_ENABLE_OBJC_WEAK = YES;
				CLANG_WARN_BLOCK_CAPTURE_AUTORELEASING = YES;
				CLANG_WARN_BOOL_CONVERSION = YES;
				CLANG_WARN_COMMA = YES;
				CLANG_WARN_CONSTANT_CONVERSION = YES;
				CLANG_WARN_DEPRECATED_OBJC_IMPLEMENTATIONS = YES;
				CLANG_WARN_DIRECT_OBJC_ISA_USAGE = YES_ERROR;
				CLANG_WARN_DOCUMENTATION_COMMENTS = YES;
				CLANG_WARN_EMPTY_BODY = YES;
				CLANG_WARN_ENUM_CONVERSION = YES;
				CLANG_WARN_INFINITE_RECURSION = YES;
				CLANG_WARN_INT_CONVERSION = YES;
				CLANG_WARN_NON_LITERAL_NULL_CONVERSION = YES;
				CLANG_WARN_OBJC_IMPLICIT_RETAIN_SELF = YES;
				CLANG_WARN_OBJC_LITERAL_CONVERSION = YES;
				CLANG_WARN_OBJC_ROOT_CLASS = YES_ERROR;
				CLANG_WARN_QUOTED_INCLUDE_IN_FRAMEWORK_HEADER = YES;
				CLANG_WARN_RANGE_LOOP_ANALYSIS = YES;
				CLANG_WARN_STRICT_PROTOTYPES = YES;
				CLANG_WARN_SUSPICIOUS_MOVE = YES;
				CLANG_WARN_UNGUARDED_AVAILABILITY = YES_AGGRESSIVE;
				CLANG_WARN_UNREACHABLE_CODE = YES;
				CLANG_WARN__DUPLICATE_METHOD_MATCH = YES;
				COPY_PHASE_STRIP = NO;
				DEBUG_INFORMATION_FORMAT = dwarf;
				DEVELOPMENT_TEAM = 6YANNN5W87;
				ENABLE_STRICT_OBJC_MSGSEND = YES;
				ENABLE_TESTABILITY = YES;
				ENABLE_USER_SCRIPT_SANDBOXING = YES;
				GCC_C_LANGUAGE_STANDARD = gnu17;
				GCC_DYNAMIC_NO_PIC = NO;
				GCC_NO_COMMON_BLOCKS = YES;
				GCC_OPTIMIZATION_LEVEL = 0;
				GCC_PREPROCESSOR_DEFINITIONS = (
					"DEBUG=1",
					"$(inherited)",
				);
				GCC_WARN_64_TO_32_BIT_CONVERSION = YES;
				GCC_WARN_ABOUT_RETURN_TYPE = YES_ERROR;
				GCC_WARN_UNDECLARED_SELECTOR = YES;
				GCC_WARN_UNINITIALIZED_AUTOS = YES_AGGRESSIVE;
				GCC_WARN_UNUSED_FUNCTION = YES;
				GCC_WARN_UNUSED_VARIABLE = YES;
				IPHONEOS_DEPLOYMENT_TARGET = 26.0;
				LOCALIZATION_PREFERS_STRING_CATALOGS = YES;
				MTL_ENABLE_DEBUG_INFO = INCLUDE_SOURCE;
				MTL_FAST_MATH = YES;
				ONLY_ACTIVE_ARCH = YES;
				SDKROOT = iphoneos;
				STRING_CATALOG_GENERATE_SYMBOLS = YES;
				SWIFT_ACTIVE_COMPILATION_CONDITIONS = "DEBUG $(inherited)";
				SWIFT_EMIT_LOC_STRINGS = YES;
				SWIFT_OPTIMIZATION_LEVEL = "-Onone";
			};
			name = Debug;
		};
		85FC28FF2EAB8137002417DB /* Release */ = {
			isa = XCBuildConfiguration;
			buildSettings = {
				ALWAYS_SEARCH_USER_PATHS = NO;
				ASSETCATALOG_COMPILER_GENERATE_SWIFT_ASSET_SYMBOL_EXTENSIONS = YES;
				CLANG_ANALYZER_LOCALIZABILITY_NONLOCALIZED = YES;
				CLANG_ANALYZER_NONNULL = YES;
				CLANG_ANALYZER_NUMBER_OBJECT_CONVERSION = YES_AGGRESSIVE;
				CLANG_CXX_LANGUAGE_STANDARD = "gnu++20";
				CLANG_ENABLE_MODULES = YES;
				CLANG_ENABLE_OBJC_ARC = YES;
				CLANG_ENABLE_OBJC_WEAK = YES;
				CLANG_WARN_BLOCK_CAPTURE_AUTORELEASING = YES;
				CLANG_WARN_BOOL_CONVERSION = YES;
				CLANG_WARN_COMMA = YES;
				CLANG_WARN_CONSTANT_CONVERSION = YES;
				CLANG_WARN_DEPRECATED_OBJC_IMPLEMENTATIONS = YES;
				CLANG_WARN_DIRECT_OBJC_ISA_USAGE = YES_ERROR;
				CLANG_WARN_DOCUMENTATION_COMMENTS = YES;
				CLANG_WARN_EMPTY_BODY = YES;
				CLANG_WARN_ENUM_CONVERSION = YES;
				CLANG_WARN_INFINITE_RECURSION = YES;
				CLANG_WARN_INT_CONVERSION = YES;
				CLANG_WARN_NON_LITERAL_NULL_CONVERSION = YES;
				CLANG_WARN_OBJC_IMPLICIT_RETAIN_SELF = YES;
				CLANG_WARN_OBJC_LITERAL_CONVERSION = YES;
				CLANG_WARN_OBJC_ROOT_CLASS = YES_ERROR;
				CLANG_WARN_QUOTED_INCLUDE_IN_FRAMEWORK_HEADER = YES;
				CLANG_WARN_RANGE_LOOP_ANALYSIS = YES;
				CLANG_WARN_STRICT_PROTOTYPES = YES;
				CLANG_WARN_SUSPICIOUS_MOVE = YES;
				CLANG_WARN_UNGUARDED_AVAILABILITY = YES_AGGRESSIVE;
				CLANG_WARN_UNREACHABLE_CODE = YES;
				CLANG_WARN__DUPLICATE_METHOD_MATCH = YES;
				COPY_PHASE_STRIP = NO;
				DEBUG_INFORMATION_FORMAT = "dwarf-with-dsym";
				DEVELOPMENT_TEAM = 6YANNN5W87;
				ENABLE_NS_ASSERTIONS = NO;
				ENABLE_STRICT_OBJC_MSGSEND = YES;
				ENABLE_USER_SCRIPT_SANDBOXING = YES;
				GCC_C_LANGUAGE_STANDARD = gnu17;
				GCC_NO_COMMON_BLOCKS = YES;
				GCC_WARN_64_TO_32_BIT_CONVERSION = YES;
				GCC_WARN_ABOUT_RETURN_TYPE = YES_ERROR;
				GCC_WARN_UNDECLARED_SELECTOR = YES;
				GCC_WARN_UNINITIALIZED_AUTOS = YES_AGGRESSIVE;
				GCC_WARN_UNUSED_FUNCTION = YES;
				GCC_WARN_UNUSED_VARIABLE = YES;
				IPHONEOS_DEPLOYMENT_TARGET = 26.0;
				LOCALIZATION_PREFERS_STRING_CATALOGS = YES;
				MTL_ENABLE_DEBUG_INFO = NO;
				MTL_FAST_MATH = YES;
				SDKROOT = iphoneos;
				STRING_CATALOG_GENERATE_SYMBOLS = YES;
				SWIFT_COMPILATION_MODE = wholemodule;
				SWIFT_EMIT_LOC_STRINGS = YES;
				VALIDATE_PRODUCT = YES;
			};
			name = Release;
		};
		85FC29012EAB8137002417DB /* Debug */ = {
			isa = XCBuildConfiguration;
			buildSettings = {
				BUNDLE_LOADER = "$(TEST_HOST)";
				CODE_SIGN_STYLE = Automatic;
				CURRENT_PROJECT_VERSION = 1;
				DEVELOPMENT_TEAM = 6YANNN5W87;
				GENERATE_INFOPLIST_FILE = YES;
				IPHONEOS_DEPLOYMENT_TARGET = 26.0;
				MARKETING_VERSION = 1.0;
				PRODUCT_BUNDLE_IDENTIFIER = uk.LissandrTests;
				PRODUCT_NAME = "$(TARGET_NAME)";
				STRING_CATALOG_GENERATE_SYMBOLS = NO;
				SWIFT_APPROACHABLE_CONCURRENCY = YES;
				SWIFT_EMIT_LOC_STRINGS = NO;
				SWIFT_UPCOMING_FEATURE_MEMBER_IMPORT_VISIBILITY = YES;
				SWIFT_VERSION = 5.0;
				TARGETED_DEVICE_FAMILY = "1,2";
				TEST_HOST = "$(BUILT_PRODUCTS_DIR)/Lissandr.app/$(BUNDLE_EXECUTABLE_FOLDER_PATH)/Lissandr";
			};
			name = Debug;
		};
		85FC29022EAB8137002417DB /* Release */ = {
			isa = XCBuildConfiguration;
			buildSettings = {
				BUNDLE_LOADER = "$(TEST_HOST)";
				CODE_SIGN_STYLE = Automatic;
				CURRENT_PROJECT_VERSION = 1;
				DEVELOPMENT_TEAM = 6YANNN5W87;
				GENERATE_INFOPLIST_FILE = YES;
				IPHONEOS_DEPLOYMENT_TARGET = 26.0;
				MARKETING_VERSION = 1.0;
				PRODUCT_BUNDLE_IDENTIFIER = uk.LissandrTests;
				PRODUCT_NAME = "$(TARGET_NAME)";
				STRING_CATALOG_GENERATE_SYMBOLS = NO;
				SWIFT_APPROACHABLE_CONCURRENCY = YES;
				SWIFT_EMIT_LOC_STRINGS = NO;
				SWIFT_UPCOMING_FEATURE_MEMBER_IMPORT_VISIBILITY = YES;
				SWIFT_VERSION = 5.0;
				TARGETED_DEVICE_FAMILY = "1,2";
				TEST_HOST = "$(BUILT_PRODUCTS_DIR)/Lissandr.app/$(BUNDLE_EXECUTABLE_FOLDER_PATH)/Lissandr";
			};
			name = Release;
		};
		85FC29042EAB8137002417DB /* Debug */ = {
			isa = XCBuildConfiguration;
			buildSettings = {
				CODE_SIGN_STYLE = Automatic;
				CURRENT_PROJECT_VERSION = 1;
				DEVELOPMENT_TEAM = 6YANNN5W87;
				GENERATE_INFOPLIST_FILE = YES;
				MARKETING_VERSION = 1.0;
				PRODUCT_BUNDLE_IDENTIFIER = uk.LissandrUITests;
				PRODUCT_NAME = "$(TARGET_NAME)";
				STRING_CATALOG_GENERATE_SYMBOLS = NO;
				SWIFT_APPROACHABLE_CONCURRENCY = YES;
				SWIFT_EMIT_LOC_STRINGS = NO;
				SWIFT_UPCOMING_FEATURE_MEMBER_IMPORT_VISIBILITY = YES;
				SWIFT_VERSION = 5.0;
				TARGETED_DEVICE_FAMILY = "1,2";
				TEST_TARGET_NAME = Lissandr;
			};
			name = Debug;
		};
		85FC29052EAB8137002417DB /* Release */ = {
			isa = XCBuildConfiguration;
			buildSettings = {
				CODE_SIGN_STYLE = Automatic;
				CURRENT_PROJECT_VERSION = 1;
				DEVELOPMENT_TEAM = 6YANNN5W87;
				GENERATE_INFOPLIST_FILE = YES;
				MARKETING_VERSION = 1.0;
				PRODUCT_BUNDLE_IDENTIFIER = uk.LissandrUITests;
				PRODUCT_NAME = "$(TARGET_NAME)";
				STRING_CATALOG_GENERATE_SYMBOLS = NO;
				SWIFT_APPROACHABLE_CONCURRENCY = YES;
				SWIFT_EMIT_LOC_STRINGS = NO;
				SWIFT_UPCOMING_FEATURE_MEMBER_IMPORT_VISIBILITY = YES;
				SWIFT_VERSION = 5.0;
				TARGETED_DEVICE_FAMILY = "1,2";
				TEST_TARGET_NAME = Lissandr;
			};
			name = Release;
		};
/* End XCBuildConfiguration section */

/* Begin XCConfigurationList section */
		85FC28CD2EAB8135002417DB /* Build configuration list for PBXProject "Lissandr" */ = {
			isa = XCConfigurationList;
			buildConfigurations = (
				85FC28FE2EAB8137002417DB /* Debug */,
				85FC28FF2EAB8137002417DB /* Release */,
			);
			defaultConfigurationIsVisible = 0;
			defaultConfigurationName = Release;
		};
		85FC28FB2EAB8137002417DB /* Build configuration list for PBXNativeTarget "Lissandr" */ = {
			isa = XCConfigurationList;
			buildConfigurations = (
				85FC28FC2EAB8137002417DB /* Debug */,
				85FC28FD2EAB8137002417DB /* Release */,
			);
			defaultConfigurationIsVisible = 0;
			defaultConfigurationName = Release;
		};
		85FC29002EAB8137002417DB /* Build configuration list for PBXNativeTarget "LissandrTests" */ = {
			isa = XCConfigurationList;
			buildConfigurations = (
				85FC29012EAB8137002417DB /* Debug */,
				85FC29022EAB8137002417DB /* Release */,
			);
			defaultConfigurationIsVisible = 0;
			defaultConfigurationName = Release;
		};
		85FC29032EAB8137002417DB /* Build configuration list for PBXNativeTarget "LissandrUITests" */ = {
			isa = XCConfigurationList;
			buildConfigurations = (
				85FC29042EAB8137002417DB /* Debug */,
				85FC29052EAB8137002417DB /* Release */,
			);
			defaultConfigurationIsVisible = 0;
			defaultConfigurationName = Release;
		};
/* End XCConfigurationList section */

/* Begin XCRemoteSwiftPackageReference section */
		85FC29422EABA824002417DB /* XCRemoteSwiftPackageReference "SnapKit" */ = {
			isa = XCRemoteSwiftPackageReference;
			repositoryURL = "https://github.com/SnapKit/SnapKit.git";
			requirement = {
				kind = upToNextMajorVersion;
				minimumVersion = 5.7.1;
			};
		};
		85FC29452EABA870002417DB /* XCRemoteSwiftPackageReference "Kingfisher" */ = {
			isa = XCRemoteSwiftPackageReference;
			repositoryURL = "https://github.com/onevcat/Kingfisher.git";
			requirement = {
				kind = upToNextMajorVersion;
				minimumVersion = 8.6.0;
			};
		};
/* End XCRemoteSwiftPackageReference section */

/* Begin XCSwiftPackageProductDependency section */
		85FC29432EABA824002417DB /* SnapKit */ = {
			isa = XCSwiftPackageProductDependency;
			package = 85FC29422EABA824002417DB /* XCRemoteSwiftPackageReference "SnapKit" */;
			productName = SnapKit;
		};
		85FC29462EABA870002417DB /* Kingfisher */ = {
			isa = XCSwiftPackageProductDependency;
			package = 85FC29452EABA870002417DB /* XCRemoteSwiftPackageReference "Kingfisher" */;
			productName = Kingfisher;
		};
/* End XCSwiftPackageProductDependency section */
	};
	rootObject = 85FC28CA2EAB8135002417DB /* Project object */;
}
